
Microsoft Visual Studio Solution File, Format Version 12.00
# Visual Studio Version 17
VisualStudioVersion = 17.0.31903.59
MinimumVisualStudioVersion = 10.0.40219.1
Project("{9A19103F-16F7-4668-BE54-9A1E7A4F7556}") = "Barakah.SharedKernel", "src\Shared\Barakah.SharedKernel\Barakah.SharedKernel.csproj", "{A1000000-0000-0000-0000-000000000001}"
EndProject
Project("{9A19103F-16F7-4668-BE54-9A1E7A4F7556}") = "Barakah.Persistence", "src\Shared\Barakah.Persistence\Barakah.Persistence.csproj", "{A1000000-0000-0000-0000-000000000002}"
EndProject
Project("{9A19103F-16F7-4668-BE54-9A1E7A4F7556}") = "Barakah.TenantContext", "src\Shared\Barakah.TenantContext\Barakah.TenantContext.csproj", "{A1000000-0000-0000-0000-000000000003}"
EndProject
Project("{9A19103F-16F7-4668-BE54-9A1E7A4F7556}") = "Barakah.EventBus", "src\Shared\Barakah.EventBus\Barakah.EventBus.csproj", "{A1000000-0000-0000-0000-000000000004}"
EndProject
Project("{9A19103F-16F7-4668-BE54-9A1E7A4F7556}") = "Barakah.IdentityService", "src\Modules\IdentityService\Barakah.IdentityService.csproj", "{A1000000-0000-0000-0000-000000000005}"
EndProject
Project("{9A19103F-16F7-4668-BE54-9A1E7A4F7556}") = "Barakah.TenantService", "src\Modules\TenantService\Barakah.TenantService.csproj", "{A1000000-0000-0000-0000-000000000006}"
EndProject
Project("{9A19103F-16F7-4668-BE54-9A1E7A4F7556}") = "Barakah.CatalogService", "src\Modules\CatalogService\Barakah.CatalogService.csproj", "{A1000000-0000-0000-0000-000000000009}"
EndProject
Project("{9A19103F-16F7-4668-BE54-9A1E7A4F7556}") = "Barakah.InventoryService", "src\Modules\InventoryService\Barakah.InventoryService.csproj", "{A1000000-0000-0000-0000-00000000000A}"
EndProject
Project("{9A19103F-16F7-4668-BE54-9A1E7A4F7556}") = "Barakah.OrderService", "src\Modules\OrderService\Barakah.OrderService.csproj", "{A1000000-0000-0000-0000-00000000000B}"
EndProject
Project("{9A19103F-16F7-4668-BE54-9A1E7A4F7556}") = "Barakah.PaymentService", "src\Modules\PaymentService\Barakah.PaymentService.csproj", "{A1000000-0000-0000-0000-00000000000C}"
EndProject
Project("{9A19103F-16F7-4668-BE54-9A1E7A4F7556}") = "Barakah.NotificationService", "src\Modules\NotificationService\Barakah.NotificationService.csproj", "{A1000000-0000-0000-0000-00000000000D}"
EndProject
Project("{9A19103F-16F7-4668-BE54-9A1E7A4F7556}") = "Barakah.AnalyticsService", "src\Modules\AnalyticsService\Barakah.AnalyticsService.csproj", "{A1000000-0000-0000-0000-00000000000E}"
EndProject
Project("{9A19103F-16F7-4668-BE54-9A1E7A4F7556}") = "Barakah.SharedKernel.Tests", "tests\Barakah.SharedKernel.Tests\Barakah.SharedKernel.Tests.csproj", "{A1000000-0000-0000-0000-000000000007}"
EndProject
Project("{9A19103F-16F7-4668-BE54-9A1E7A4F7556}") = "Barakah.IdentityService.Tests", "tests\Barakah.IdentityService.Tests\Barakah.IdentityService.Tests.csproj", "{A1000000-0000-0000-0000-000000000008}"
EndProject
Project("{2150E333-8FDC-42A3-9474-1A3956D46DE8}") = "Shared", "Shared", "{B2000000-0000-0000-0000-000000000001}"
EndProject
Project("{2150E333-8FDC-42A3-9474-1A3956D46DE8}") = "Modules", "Modules", "{B2000000-0000-0000-0000-000000000002}"
EndProject
Project("{2150E333-8FDC-42A3-9474-1A3956D46DE8}") = "Tests", "Tests", "{B2000000-0000-0000-0000-000000000003}"
EndProject
Global
	GlobalSection(SolutionConfigurationPlatforms) = preSolution
		Debug|Any CPU = Debug|Any CPU
		Release|Any CPU = Release|Any CPU
	EndGlobalSection
	GlobalSection(ProjectConfigurationPlatforms) = postSolution
		{A1000000-0000-0000-0000-000000000001}.Debug|Any CPU.ActiveCfg = Debug|Any CPU
		{A1000000-0000-0000-0000-000000000001}.Debug|Any CPU.Build.0 = Debug|Any CPU
		{A1000000-0000-0000-0000-000000000001}.Release|Any CPU.ActiveCfg = Release|Any CPU
		{A1000000-0000-0000-0000-000000000001}.Release|Any CPU.Build.0 = Release|Any CPU
		{A1000000-0000-0000-0000-000000000002}.Debug|Any CPU.ActiveCfg = Debug|Any CPU
		{A1000000-0000-0000-0000-000000000002}.Debug|Any CPU.Build.0 = Debug|Any CPU
		{A1000000-0000-0000-0000-000000000002}.Release|Any CPU.ActiveCfg = Release|Any CPU
		{A1000000-0000-0000-0000-000000000002}.Release|Any CPU.Build.0 = Release|Any CPU
		{A1000000-0000-0000-0000-000000000003}.Debug|Any CPU.ActiveCfg = Debug|Any CPU
		{A1000000-0000-0000-0000-000000000003}.Debug|Any CPU.Build.0 = Debug|Any CPU
		{A1000000-0000-0000-0000-000000000003}.Release|Any CPU.ActiveCfg = Release|Any CPU
		{A1000000-0000-0000-0000-000000000003}.Release|Any CPU.Build.0 = Release|Any CPU
		{A1000000-0000-0000-0000-000000000004}.Debug|Any CPU.ActiveCfg = Debug|Any CPU
		{A1000000-0000-0000-0000-000000000004}.Debug|Any CPU.Build.0 = Debug|Any CPU
		{A1000000-0000-0000-0000-000000000004}.Release|Any CPU.ActiveCfg = Release|Any CPU
		{A1000000-0000-0000-0000-000000000004}.Release|Any CPU.Build.0 = Release|Any CPU
		{A1000000-0000-0000-0000-000000000005}.Debug|Any CPU.ActiveCfg = Debug|Any CPU
		{A1000000-0000-0000-0000-000000000005}.Debug|Any CPU.Build.0 = Debug|Any CPU
		{A1000000-0000-0000-0000-000000000005}.Release|Any CPU.ActiveCfg = Release|Any CPU
		{A1000000-0000-0000-0000-000000000005}.Release|Any CPU.Build.0 = Release|Any CPU
		{A1000000-0000-0000-0000-000000000006}.Debug|Any CPU.ActiveCfg = Debug|Any CPU
		{A1000000-0000-0000-0000-000000000006}.Debug|Any CPU.Build.0 = Debug|Any CPU
		{A1000000-0000-0000-0000-000000000006}.Release|Any CPU.ActiveCfg = Release|Any CPU
		{A1000000-0000-0000-0000-000000000006}.Release|Any CPU.Build.0 = Release|Any CPU
		{A1000000-0000-0000-0000-000000000009}.Debug|Any CPU.ActiveCfg = Debug|Any CPU
		{A1000000-0000-0000-0000-000000000009}.Debug|Any CPU.Build.0 = Debug|Any CPU
		{A1000000-0000-0000-0000-000000000009}.Release|Any CPU.ActiveCfg = Release|Any CPU
		{A1000000-0000-0000-0000-000000000009}.Release|Any CPU.Build.0 = Release|Any CPU
		{A1000000-0000-0000-0000-00000000000A}.Debug|Any CPU.ActiveCfg = Debug|Any CPU
		{A1000000-0000-0000-0000-00000000000A}.Debug|Any CPU.Build.0 = Debug|Any CPU
		{A1000000-0000-0000-0000-00000000000A}.Release|Any CPU.ActiveCfg = Release|Any CPU
		{A1000000-0000-0000-0000-00000000000A}.Release|Any CPU.Build.0 = Release|Any CPU
		{A1000000-0000-0000-0000-00000000000B}.Debug|Any CPU.ActiveCfg = Debug|Any CPU
		{A1000000-0000-0000-0000-00000000000B}.Debug|Any CPU.Build.0 = Debug|Any CPU
		{A1000000-0000-0000-0000-00000000000B}.Release|Any CPU.ActiveCfg = Release|Any CPU
		{A1000000-0000-0000-0000-00000000000B}.Release|Any CPU.Build.0 = Release|Any CPU
		{A1000000-0000-0000-0000-00000000000C}.Debug|Any CPU.ActiveCfg = Debug|Any CPU
		{A1000000-0000-0000-0000-00000000000C}.Debug|Any CPU.Build.0 = Debug|Any CPU
		{A1000000-0000-0000-0000-00000000000C}.Release|Any CPU.ActiveCfg = Release|Any CPU
		{A1000000-0000-0000-0000-00000000000C}.Release|Any CPU.Build.0 = Release|Any CPU
		{A1000000-0000-0000-0000-00000000000D}.Debug|Any CPU.ActiveCfg = Debug|Any CPU
		{A1000000-0000-0000-0000-00000000000D}.Debug|Any CPU.Build.0 = Debug|Any CPU
		{A1000000-0000-0000-0000-00000000000D}.Release|Any CPU.ActiveCfg = Release|Any CPU
		{A1000000-0000-0000-0000-00000000000D}.Release|Any CPU.Build.0 = Release|Any CPU
		{A1000000-0000-0000-0000-00000000000E}.Debug|Any CPU.ActiveCfg = Debug|Any CPU
		{A1000000-0000-0000-0000-00000000000E}.Debug|Any CPU.Build.0 = Debug|Any CPU
		{A1000000-0000-0000-0000-00000000000E}.Release|Any CPU.ActiveCfg = Release|Any CPU
		{A1000000-0000-0000-0000-00000000000E}.Release|Any CPU.Build.0 = Release|Any CPU
		{A1000000-0000-0000-0000-000000000007}.Debug|Any CPU.ActiveCfg = Debug|Any CPU
		{A1000000-0000-0000-0000-000000000007}.Debug|Any CPU.Build.0 = Debug|Any CPU
		{A1000000-0000-0000-0000-000000000007}.Release|Any CPU.ActiveCfg = Release|Any CPU
		{A1000000-0000-0000-0000-000000000007}.Release|Any CPU.Build.0 = Release|Any CPU
		{A1000000-0000-0000-0000-000000000008}.Debug|Any CPU.ActiveCfg = Debug|Any CPU
		{A1000000-0000-0000-0000-000000000008}.Debug|Any CPU.Build.0 = Debug|Any CPU
		{A1000000-0000-0000-0000-000000000008}.Release|Any CPU.ActiveCfg = Release|Any CPU
		{A1000000-0000-0000-0000-000000000008}.Release|Any CPU.Build.0 = Release|Any CPU
	EndGlobalSection
	GlobalSection(SolutionProperties) = preSolution
		HideSolutionNode = FALSE
	EndGlobalSection
	GlobalSection(NestedProjects) = preSolution
		{A1000000-0000-0000-0000-000000000001} = {B2000000-0000-0000-0000-000000000001}
		{A1000000-0000-0000-0000-000000000002} = {B2000000-0000-0000-0000-000000000001}
		{A1000000-0000-0000-0000-000000000003} = {B2000000-0000-0000-0000-000000000001}
		{A1000000-0000-0000-0000-000000000004} = {B2000000-0000-0000-0000-000000000001}
		{A1000000-0000-0000-0000-000000000005} = {B2000000-0000-0000-0000-000000000002}
		{A1000000-0000-0000-0000-000000000006} = {B2000000-0000-0000-0000-000000000002}
		{A1000000-0000-0000-0000-000000000009} = {B2000000-0000-0000-0000-000000000002}
		{A1000000-0000-0000-0000-00000000000A} = {B2000000-0000-0000-0000-000000000002}
		{A1000000-0000-0000-0000-00000000000B} = {B2000000-0000-0000-0000-000000000002}
		{A1000000-0000-0000-0000-00000000000C} = {B2000000-0000-0000-0000-000000000002}
		{A1000000-0000-0000-0000-00000000000D} = {B2000000-0000-0000-0000-000000000002}
		{A1000000-0000-0000-0000-00000000000E} = {B2000000-0000-0000-0000-000000000002}
		{A1000000-0000-0000-0000-000000000007} = {B2000000-0000-0000-0000-000000000003}
		{A1000000-0000-0000-0000-000000000008} = {B2000000-0000-0000-0000-000000000003}
	EndGlobalSection
	GlobalSection(ExtensibilityGlobals) = postSolution
		SolutionGuid = {C3000000-0000-0000-0000-000000000001}
	EndGlobalSection
EndGlobal
